
Microsoft Visual Studio Solution File, Format Version 12.00
# Visual Studio Version 17
VisualStudioVersion = 17.7.34221.43
MinimumVisualStudioVersion = 10.0.40219.1
Project("{FAE04EC0-301F-11D3-BF4B-00C04F79EFBC}") = "MvcMovie", "MvcMovie\MvcMovie.csproj", "{30E1E352-AC0E-4802-9445-1F0065C2B676}"
EndProject
Global
	GlobalSection(SolutionConfigurationPlatforms) = preSolution
		Debug|Any CPU = Debug|Any CPU
		Release|Any CPU = Release|Any CPU
	EndGlobalSection
	GlobalSection(ProjectConfigurationPlatforms) = postSolution
		{30E1E352-AC0E-4802-9445-1F0065C2B676}.Debug|Any CPU.ActiveCfg = Debug|Any CPU
		{30E1E352-AC0E-4802-9445-1F0065C2B676}.Debug|Any CPU.Build.0 = Debug|Any CPU
		{30E1E352-AC0E-4802-9445-1F0065C2B676}.Release|Any CPU.ActiveCfg = Release|Any CPU
		{30E1E352-AC0E-4802-9445-1F0065C2B676}.Release|Any CPU.Build.0 = Release|Any CPU
	EndGlobalSection
	GlobalSection(SolutionProperties) = preSolution
		HideSolutionNode = FALSE
	EndGlobalSection
	GlobalSection(ExtensibilityGlobals) = postSolution
		SolutionGuid = {A619E2B1-5D50-46C2-87CC-5BD78EFF8585}
	EndGlobalSection
EndGlobal
